
Microsoft Visual Studio Solution File, Format Version 12.00
# Visual Studio Version 16
VisualStudioVersion = 16.0.30711.63
MinimumVisualStudioVersion = 10.0.40219.1
Project("{FAE04EC0-301F-11D3-BF4B-00C04F79EFBC}") = "CensusAnalyzerProblem", "CensusAnalyzerProblem\CensusAnalyzerProblem.csproj", "{331A9C3A-75E8-4DDF-8351-1A4628EBFFC8}"
EndProject
Project("{FAE04EC0-301F-11D3-BF4B-00C04F79EFBC}") = "CensusAnalyzerTest", "CensusAnalyzerTest\CensusAnalyzerTest.csproj", "{8F8CA344-892F-420D-A2E2-F06A90E9F742}"
EndProject
Global
	GlobalSection(SolutionConfigurationPlatforms) = preSolution
		Debug|Any CPU = Debug|Any CPU
		Release|Any CPU = Release|Any CPU
	EndGlobalSection
	GlobalSection(ProjectConfigurationPlatforms) = postSolution
		{331A9C3A-75E8-4DDF-8351-1A4628EBFFC8}.Debug|Any CPU.ActiveCfg = Debug|Any CPU
		{331A9C3A-75E8-4DDF-8351-1A4628EBFFC8}.Debug|Any CPU.Build.0 = Debug|Any CPU
		{331A9C3A-75E8-4DDF-8351-1A4628EBFFC8}.Release|Any CPU.ActiveCfg = Release|Any CPU
		{331A9C3A-75E8-4DDF-8351-1A4628EBFFC8}.Release|Any CPU.Build.0 = Release|Any CPU
		{8F8CA344-892F-420D-A2E2-F06A90E9F742}.Debug|Any CPU.ActiveCfg = Debug|Any CPU
		{8F8CA344-892F-420D-A2E2-F06A90E9F742}.Debug|Any CPU.Build.0 = Debug|Any CPU
		{8F8CA344-892F-420D-A2E2-F06A90E9F742}.Release|Any CPU.ActiveCfg = Release|Any CPU
		{8F8CA344-892F-420D-A2E2-F06A90E9F742}.Release|Any CPU.Build.0 = Release|Any CPU
	EndGlobalSection
	GlobalSection(SolutionProperties) = preSolution
		HideSolutionNode = FALSE
	EndGlobalSection
	GlobalSection(ExtensibilityGlobals) = postSolution
		SolutionGuid = {3919A6F7-3810-4B16-B693-48532F62B48F}
	EndGlobalSection
EndGlobal
